// !$*UTF8*$!
{
	archiveVersion = 1;
	classes = {
	};
	objectVersion = 48;
	objects = {

/* Begin PBXBuildFile section */
		017CF42B6F5C7A3499311200 /* Pods_DatingApp.framework in Frameworks */ = {isa = PBXBuildFile; fileRef = 3ABB98793ADDF8A3694DA7EE /* Pods_DatingApp.framework */; };
		5232ED9C20AAA7BA009C414A /* SDMiSaeng.ttf in Resources */ = {isa = PBXBuildFile; fileRef = 5232ED9B20AAA7B1009C414A /* SDMiSaeng.ttf */; };
		5232ED9E20AAB621009C414A /* main2.png in Resources */ = {isa = PBXBuildFile; fileRef = 5232ED9D20AAB621009C414A /* main2.png */; };
		5232EDA020AAB72D009C414A /* MainViewController.swift in Sources */ = {isa = PBXBuildFile; fileRef = 5232ED9F20AAB72D009C414A /* MainViewController.swift */; };
		523EDE4720AAD8B2009A95CD /* MapViewController.swift in Sources */ = {isa = PBXBuildFile; fileRef = 523EDE4620AAD8B2009A95CD /* MapViewController.swift */; };
		52419BC02074636200E4DB8C /* mytext.txt in Resources */ = {isa = PBXBuildFile; fileRef = 52419BBF2074636200E4DB8C /* mytext.txt */; };
		52419BC220746C5D00E4DB8C /* new_message_icon@3x.png in Resources */ = {isa = PBXBuildFile; fileRef = 52419BC120746C5D00E4DB8C /* new_message_icon@3x.png */; };
		52419BC420746CA300E4DB8C /* NewMessageController.swift in Sources */ = {isa = PBXBuildFile; fileRef = 52419BC320746CA300E4DB8C /* NewMessageController.swift */; };
		52419BC620746DED00E4DB8C /* User.swift in Sources */ = {isa = PBXBuildFile; fileRef = 52419BC520746DED00E4DB8C /* User.swift */; };
		52419BC92074783D00E4DB8C /* LoginController+handlers.swift in Sources */ = {isa = PBXBuildFile; fileRef = 52419BC82074783D00E4DB8C /* LoginController+handlers.swift */; };
		52419BCC2074858100E4DB8C /* Extensions.swift in Sources */ = {isa = PBXBuildFile; fileRef = 52419BCB2074858100E4DB8C /* Extensions.swift */; };
		5246AC0320AEBB76008745D8 /* PictureCell.swift in Sources */ = {isa = PBXBuildFile; fileRef = 5246AC0220AEBB76008745D8 /* PictureCell.swift */; };
		5246AC0520AEC0DF008745D8 /* kkk.jpg in Resources */ = {isa = PBXBuildFile; fileRef = 5246AC0420AEC0DF008745D8 /* kkk.jpg */; };
		525ECFFB20736CB0007E60B1 /* AppDelegate.swift in Sources */ = {isa = PBXBuildFile; fileRef = 525ECFFA20736CB0007E60B1 /* AppDelegate.swift */; };
		525ECFFD20736CB0007E60B1 /* MessageController.swift in Sources */ = {isa = PBXBuildFile; fileRef = 525ECFFC20736CB0007E60B1 /* MessageController.swift */; };
		525ED00020736CB0007E60B1 /* Main.storyboard in Resources */ = {isa = PBXBuildFile; fileRef = 525ECFFE20736CB0007E60B1 /* Main.storyboard */; };
		525ED00220736CB0007E60B1 /* Assets.xcassets in Resources */ = {isa = PBXBuildFile; fileRef = 525ED00120736CB0007E60B1 /* Assets.xcassets */; };
		525ED00520736CB0007E60B1 /* LaunchScreen.storyboard in Resources */ = {isa = PBXBuildFile; fileRef = 525ED00320736CB0007E60B1 /* LaunchScreen.storyboard */; };
		525ED00D20736DAC007E60B1 /* LoginController.swift in Sources */ = {isa = PBXBuildFile; fileRef = 525ED00C20736DAC007E60B1 /* LoginController.swift */; };
		52639AD520AA66CC00D703D4 /* work.txt in Resources */ = {isa = PBXBuildFile; fileRef = 52639AD420AA66CC00D703D4 /* work.txt */; };
		527B04FA20AC177600922063 /* MapStudyViewController.swift in Sources */ = {isa = PBXBuildFile; fileRef = 527B04F920AC177600922063 /* MapStudyViewController.swift */; };
		528F405120786DEE007E4942 /* ChatMessageCell.swift in Sources */ = {isa = PBXBuildFile; fileRef = 528F405020786DEE007E4942 /* ChatMessageCell.swift */; };
		529E780A20760EDD00B0FD5C /* ChatLogController.swift in Sources */ = {isa = PBXBuildFile; fileRef = 529E780920760EDD00B0FD5C /* ChatLogController.swift */; };
		529E780C2076127400B0FD5C /* MyUIView.swift in Sources */ = {isa = PBXBuildFile; fileRef = 529E780B2076127400B0FD5C /* MyUIView.swift */; };
		529E780E2076217600B0FD5C /* Message.swift in Sources */ = {isa = PBXBuildFile; fileRef = 529E780D2076217600B0FD5C /* Message.swift */; };
		529E78112076288200B0FD5C /* UserCell.swift in Sources */ = {isa = PBXBuildFile; fileRef = 529E78102076288200B0FD5C /* UserCell.swift */; };
		52AC441F2073CA8400B9D753 /* GoogleService-Info.plist in Resources */ = {isa = PBXBuildFile; fileRef = 52AC441E2073CA8300B9D753 /* GoogleService-Info.plist */; };
/* End PBXBuildFile section */

/* Begin PBXFileReference section */
		042EC86AB23CFCE69BA5F8E5 /* Pods-DatingApp.release.xcconfig */ = {isa = PBXFileReference; includeInIndex = 1; lastKnownFileType = text.xcconfig; name = "Pods-DatingApp.release.xcconfig"; path = "Pods/Target Support Files/Pods-DatingApp/Pods-DatingApp.release.xcconfig"; sourceTree = "<group>"; };
		3ABB98793ADDF8A3694DA7EE /* Pods_DatingApp.framework */ = {isa = PBXFileReference; explicitFileType = wrapper.framework; includeInIndex = 0; path = Pods_DatingApp.framework; sourceTree = BUILT_PRODUCTS_DIR; };
		5232ED9B20AAA7B1009C414A /* SDMiSaeng.ttf */ = {isa = PBXFileReference; lastKnownFileType = file; path = SDMiSaeng.ttf; sourceTree = "<group>"; };
		5232ED9D20AAB621009C414A /* main2.png */ = {isa = PBXFileReference; lastKnownFileType = image.png; path = main2.png; sourceTree = "<group>"; };
		5232ED9F20AAB72D009C414A /* MainViewController.swift */ = {isa = PBXFileReference; lastKnownFileType = sourcecode.swift; path = MainViewController.swift; sourceTree = "<group>"; };
		523EDE4620AAD8B2009A95CD /* MapViewController.swift */ = {isa = PBXFileReference; lastKnownFileType = sourcecode.swift; path = MapViewController.swift; sourceTree = "<group>"; };
		52419BBF2074636200E4DB8C /* mytext.txt */ = {isa = PBXFileReference; lastKnownFileType = text; path = mytext.txt; sourceTree = "<group>"; };
		52419BC120746C5D00E4DB8C /* new_message_icon@3x.png */ = {isa = PBXFileReference; lastKnownFileType = image.png; path = "new_message_icon@3x.png"; sourceTree = "<group>"; };
		52419BC320746CA300E4DB8C /* NewMessageController.swift */ = {isa = PBXFileReference; lastKnownFileType = sourcecode.swift; path = NewMessageController.swift; sourceTree = "<group>"; };
		52419BC520746DED00E4DB8C /* User.swift */ = {isa = PBXFileReference; lastKnownFileType = sourcecode.swift; path = User.swift; sourceTree = "<group>"; };
		52419BC82074783D00E4DB8C /* LoginController+handlers.swift */ = {isa = PBXFileReference; lastKnownFileType = sourcecode.swift; path = "LoginController+handlers.swift"; sourceTree = "<group>"; };
		52419BCB2074858100E4DB8C /* Extensions.swift */ = {isa = PBXFileReference; lastKnownFileType = sourcecode.swift; path = Extensions.swift; sourceTree = "<group>"; };
		5246AC0220AEBB76008745D8 /* PictureCell.swift */ = {isa = PBXFileReference; lastKnownFileType = sourcecode.swift; path = PictureCell.swift; sourceTree = "<group>"; };
		5246AC0420AEC0DF008745D8 /* kkk.jpg */ = {isa = PBXFileReference; lastKnownFileType = image.jpeg; path = kkk.jpg; sourceTree = "<group>"; };
		525ECFF720736CB0007E60B1 /* DatingApp.app */ = {isa = PBXFileReference; explicitFileType = wrapper.application; includeInIndex = 0; path = DatingApp.app; sourceTree = BUILT_PRODUCTS_DIR; };
		525ECFFA20736CB0007E60B1 /* AppDelegate.swift */ = {isa = PBXFileReference; lastKnownFileType = sourcecode.swift; path = AppDelegate.swift; sourceTree = "<group>"; };
		525ECFFC20736CB0007E60B1 /* MessageController.swift */ = {isa = PBXFileReference; lastKnownFileType = sourcecode.swift; path = MessageController.swift; sourceTree = "<group>"; };
		525ECFFF20736CB0007E60B1 /* Base */ = {isa = PBXFileReference; lastKnownFileType = file.storyboard; name = Base; path = Base.lproj/Main.storyboard; sourceTree = "<group>"; };
		525ED00120736CB0007E60B1 /* Assets.xcassets */ = {isa = PBXFileReference; lastKnownFileType = folder.assetcatalog; path = Assets.xcassets; sourceTree = "<group>"; };
		525ED00420736CB0007E60B1 /* Base */ = {isa = PBXFileReference; lastKnownFileType = file.storyboard; name = Base; path = Base.lproj/LaunchScreen.storyboard; sourceTree = "<group>"; };
		525ED00620736CB0007E60B1 /* Info.plist */ = {isa = PBXFileReference; lastKnownFileType = text.plist.xml; path = Info.plist; sourceTree = "<group>"; };
		525ED00C20736DAC007E60B1 /* LoginController.swift */ = {isa = PBXFileReference; lastKnownFileType = sourcecode.swift; path = LoginController.swift; sourceTree = "<group>"; };
		52639AD420AA66CC00D703D4 /* work.txt */ = {isa = PBXFileReference; lastKnownFileType = text; path = work.txt; sourceTree = "<group>"; };
		527B04F920AC177600922063 /* MapStudyViewController.swift */ = {isa = PBXFileReference; lastKnownFileType = sourcecode.swift; path = MapStudyViewController.swift; sourceTree = "<group>"; };
		528F405020786DEE007E4942 /* ChatMessageCell.swift */ = {isa = PBXFileReference; lastKnownFileType = sourcecode.swift; path = ChatMessageCell.swift; sourceTree = "<group>"; };
		529E780920760EDD00B0FD5C /* ChatLogController.swift */ = {isa = PBXFileReference; lastKnownFileType = sourcecode.swift; path = ChatLogController.swift; sourceTree = "<group>"; };
		529E780B2076127400B0FD5C /* MyUIView.swift */ = {isa = PBXFileReference; lastKnownFileType = sourcecode.swift; path = MyUIView.swift; sourceTree = "<group>"; };
		529E780D2076217600B0FD5C /* Message.swift */ = {isa = PBXFileReference; lastKnownFileType = sourcecode.swift; path = Message.swift; sourceTree = "<group>"; };
		529E78102076288200B0FD5C /* UserCell.swift */ = {isa = PBXFileReference; lastKnownFileType = sourcecode.swift; path = UserCell.swift; sourceTree = "<group>"; };
		52AC441E2073CA8300B9D753 /* GoogleService-Info.plist */ = {isa = PBXFileReference; fileEncoding = 4; lastKnownFileType = text.plist.xml; path = "GoogleService-Info.plist"; sourceTree = "<group>"; };
		E12789A0F6235756676021CA /* Pods-DatingApp.debug.xcconfig */ = {isa = PBXFileReference; includeInIndex = 1; lastKnownFileType = text.xcconfig; name = "Pods-DatingApp.debug.xcconfig"; path = "Pods/Target Support Files/Pods-DatingApp/Pods-DatingApp.debug.xcconfig"; sourceTree = "<group>"; };
/* End PBXFileReference section */

/* Begin PBXFrameworksBuildPhase section */
		525ECFF420736CB0007E60B1 /* Frameworks */ = {
			isa = PBXFrameworksBuildPhase;
			buildActionMask = 2147483647;
			files = (
				017CF42B6F5C7A3499311200 /* Pods_DatingApp.framework in Frameworks */,
			);
			runOnlyForDeploymentPostprocessing = 0;
		};
/* End PBXFrameworksBuildPhase section */

/* Begin PBXGroup section */
		5232EDA120AABBEB009C414A /* Another */ = {
			isa = PBXGroup;
			children = (
				525ECFFC20736CB0007E60B1 /* MessageController.swift */,
				52419BC320746CA300E4DB8C /* NewMessageController.swift */,
				529E780920760EDD00B0FD5C /* ChatLogController.swift */,
				527B04F920AC177600922063 /* MapStudyViewController.swift */,
			);
			path = Another;
			sourceTree = "<group>";
		};
		52419BC720746DF100E4DB8C /* Model */ = {
			isa = PBXGroup;
			children = (
				52419BC520746DED00E4DB8C /* User.swift */,
				529E780D2076217600B0FD5C /* Message.swift */,
			);
			path = Model;
			sourceTree = "<group>";
		};
		52419BCA2074856800E4DB8C /* Helpers */ = {
			isa = PBXGroup;
			children = (
				52419BCB2074858100E4DB8C /* Extensions.swift */,
			);
			path = Helpers;
			sourceTree = "<group>";
		};
		525ECFEE20736CB0007E60B1 = {
			isa = PBXGroup;
			children = (
				525ECFF920736CB0007E60B1 /* DatingApp */,
				525ECFF820736CB0007E60B1 /* Products */,
				9164F23ED3D70B386764FDFF /* Pods */,
				817029A15CB160C922C8132D /* Frameworks */,
			);
			sourceTree = "<group>";
		};
		525ECFF820736CB0007E60B1 /* Products */ = {
			isa = PBXGroup;
			children = (
				525ECFF720736CB0007E60B1 /* DatingApp.app */,
			);
			name = Products;
			sourceTree = "<group>";
		};
		525ECFF920736CB0007E60B1 /* DatingApp */ = {
			isa = PBXGroup;
			children = (
				5232EDA120AABBEB009C414A /* Another */,
				525ECFFA20736CB0007E60B1 /* AppDelegate.swift */,
				529E780F2076285E00B0FD5C /* View */,
				52419BCA2074856800E4DB8C /* Helpers */,
				52419BC720746DF100E4DB8C /* Model */,
				525ED01020737466007E60B1 /* file */,
				525ED00F20736E2F007E60B1 /* Controller */,
				525ECFFE20736CB0007E60B1 /* Main.storyboard */,
				525ED00120736CB0007E60B1 /* Assets.xcassets */,
				525ED00320736CB0007E60B1 /* LaunchScreen.storyboard */,
				525ED00620736CB0007E60B1 /* Info.plist */,
				52AC441E2073CA8300B9D753 /* GoogleService-Info.plist */,
				52419BBF2074636200E4DB8C /* mytext.txt */,
				52639AD420AA66CC00D703D4 /* work.txt */,
			);
			path = DatingApp;
			sourceTree = "<group>";
		};
		525ED00F20736E2F007E60B1 /* Controller */ = {
			isa = PBXGroup;
			children = (
				525ED00C20736DAC007E60B1 /* LoginController.swift */,
				52419BC82074783D00E4DB8C /* LoginController+handlers.swift */,
				5232ED9F20AAB72D009C414A /* MainViewController.swift */,
				523EDE4620AAD8B2009A95CD /* MapViewController.swift */,
				5246AC0220AEBB76008745D8 /* PictureCell.swift */,
				529E780B2076127400B0FD5C /* MyUIView.swift */,
			);
			path = Controller;
			sourceTree = "<group>";
		};
		525ED01020737466007E60B1 /* file */ = {
			isa = PBXGroup;
			children = (
				5246AC0420AEC0DF008745D8 /* kkk.jpg */,
				5232ED9D20AAB621009C414A /* main2.png */,
				5232ED9B20AAA7B1009C414A /* SDMiSaeng.ttf */,
				52419BC120746C5D00E4DB8C /* new_message_icon@3x.png */,
			);
			path = file;
			sourceTree = "<group>";
		};
		529E780F2076285E00B0FD5C /* View */ = {
			isa = PBXGroup;
			children = (
				529E78102076288200B0FD5C /* UserCell.swift */,
				528F405020786DEE007E4942 /* ChatMessageCell.swift */,
			);
			path = View;
			sourceTree = "<group>";
		};
		817029A15CB160C922C8132D /* Frameworks */ = {
			isa = PBXGroup;
			children = (
				3ABB98793ADDF8A3694DA7EE /* Pods_DatingApp.framework */,
			);
			name = Frameworks;
			sourceTree = "<group>";
		};
		9164F23ED3D70B386764FDFF /* Pods */ = {
			isa = PBXGroup;
			children = (
				E12789A0F6235756676021CA /* Pods-DatingApp.debug.xcconfig */,
				042EC86AB23CFCE69BA5F8E5 /* Pods-DatingApp.release.xcconfig */,
			);
			name = Pods;
			sourceTree = "<group>";
		};
/* End PBXGroup section */

/* Begin PBXNativeTarget section */
		525ECFF620736CB0007E60B1 /* DatingApp */ = {
			isa = PBXNativeTarget;
			buildConfigurationList = 525ED00920736CB0007E60B1 /* Build configuration list for PBXNativeTarget "DatingApp" */;
			buildPhases = (
				092957AF5034A773FA479206 /* [CP] Check Pods Manifest.lock */,
				525ECFF320736CB0007E60B1 /* Sources */,
				525ECFF420736CB0007E60B1 /* Frameworks */,
				525ECFF520736CB0007E60B1 /* Resources */,
				A8C88480A82D1D9A2619659F /* [CP] Embed Pods Frameworks */,
				DFFADF8AA1CEEC2BC68C9E92 /* [CP] Copy Pods Resources */,
			);
			buildRules = (
			);
			dependencies = (
			);
			name = DatingApp;
			productName = DatingApp;
			productReference = 525ECFF720736CB0007E60B1 /* DatingApp.app */;
			productType = "com.apple.product-type.application";
		};
/* End PBXNativeTarget section */

/* Begin PBXProject section */
		525ECFEF20736CB0007E60B1 /* Project object */ = {
			isa = PBXProject;
			attributes = {
				LastSwiftUpdateCheck = 0920;
				LastUpgradeCheck = 0920;
				ORGANIZATIONNAME = MacBookPro;
				TargetAttributes = {
					525ECFF620736CB0007E60B1 = {
						CreatedOnToolsVersion = 9.2;
						ProvisioningStyle = Automatic;
					};
				};
			};
			buildConfigurationList = 525ECFF220736CB0007E60B1 /* Build configuration list for PBXProject "DatingApp" */;
			compatibilityVersion = "Xcode 8.0";
			developmentRegion = en;
			hasScannedForEncodings = 0;
			knownRegions = (
				en,
				Base,
			);
			mainGroup = 525ECFEE20736CB0007E60B1;
			productRefGroup = 525ECFF820736CB0007E60B1 /* Products */;
			projectDirPath = "";
			projectRoot = "";
			targets = (
				525ECFF620736CB0007E60B1 /* DatingApp */,
			);
		};
/* End PBXProject section */

/* Begin PBXResourcesBuildPhase section */
		525ECFF520736CB0007E60B1 /* Resources */ = {
			isa = PBXResourcesBuildPhase;
			buildActionMask = 2147483647;
			files = (
				5232ED9E20AAB621009C414A /* main2.png in Resources */,
				52419BC220746C5D00E4DB8C /* new_message_icon@3x.png in Resources */,
				52639AD520AA66CC00D703D4 /* work.txt in Resources */,
				525ED00520736CB0007E60B1 /* LaunchScreen.storyboard in Resources */,
				5232ED9C20AAA7BA009C414A /* SDMiSaeng.ttf in Resources */,
				52AC441F2073CA8400B9D753 /* GoogleService-Info.plist in Resources */,
				52419BC02074636200E4DB8C /* mytext.txt in Resources */,
				5246AC0520AEC0DF008745D8 /* kkk.jpg in Resources */,
				525ED00220736CB0007E60B1 /* Assets.xcassets in Resources */,
				525ED00020736CB0007E60B1 /* Main.storyboard in Resources */,
			);
			runOnlyForDeploymentPostprocessing = 0;
		};
/* End PBXResourcesBuildPhase section */

/* Begin PBXShellScriptBuildPhase section */
		092957AF5034A773FA479206 /* [CP] Check Pods Manifest.lock */ = {
			isa = PBXShellScriptBuildPhase;
			buildActionMask = 2147483647;
			files = (
			);
			inputPaths = (
				"${PODS_PODFILE_DIR_PATH}/Podfile.lock",
				"${PODS_ROOT}/Manifest.lock",
			);
			name = "[CP] Check Pods Manifest.lock";
			outputPaths = (
				"$(DERIVED_FILE_DIR)/Pods-DatingApp-checkManifestLockResult.txt",
			);
			runOnlyForDeploymentPostprocessing = 0;
			shellPath = /bin/sh;
			shellScript = "diff \"${PODS_PODFILE_DIR_PATH}/Podfile.lock\" \"${PODS_ROOT}/Manifest.lock\" > /dev/null\nif [ $? != 0 ] ; then\n    # print error to STDERR\n    echo \"error: The sandbox is not in sync with the Podfile.lock. Run 'pod install' or update your CocoaPods installation.\" >&2\n    exit 1\nfi\n# This output is used by Xcode 'outputs' to avoid re-running this script phase.\necho \"SUCCESS\" > \"${SCRIPT_OUTPUT_FILE_0}\"\n";
			showEnvVarsInLog = 0;
		};
		A8C88480A82D1D9A2619659F /* [CP] Embed Pods Frameworks */ = {
			isa = PBXShellScriptBuildPhase;
			buildActionMask = 2147483647;
			files = (
			);
			inputPaths = (
				"${SRCROOT}/Pods/Target Support Files/Pods-DatingApp/Pods-DatingApp-frameworks.sh",
				"${BUILT_PRODUCTS_DIR}/GTMSessionFetcher/GTMSessionFetcher.framework",
				"${BUILT_PRODUCTS_DIR}/GeoFire/GeoFire.framework",
				"${BUILT_PRODUCTS_DIR}/GoogleToolboxForMac/GoogleToolboxForMac.framework",
				"${BUILT_PRODUCTS_DIR}/leveldb-library/leveldb.framework",
				"${BUILT_PRODUCTS_DIR}/nanopb/nanopb.framework",
			);
			name = "[CP] Embed Pods Frameworks";
			outputPaths = (
				"${TARGET_BUILD_DIR}/${FRAMEWORKS_FOLDER_PATH}/GTMSessionFetcher.framework",
				"${TARGET_BUILD_DIR}/${FRAMEWORKS_FOLDER_PATH}/GeoFire.framework",
				"${TARGET_BUILD_DIR}/${FRAMEWORKS_FOLDER_PATH}/GoogleToolboxForMac.framework",
				"${TARGET_BUILD_DIR}/${FRAMEWORKS_FOLDER_PATH}/leveldb.framework",
				"${TARGET_BUILD_DIR}/${FRAMEWORKS_FOLDER_PATH}/nanopb.framework",
			);
			runOnlyForDeploymentPostprocessing = 0;
			shellPath = /bin/sh;
			shellScript = "\"${SRCROOT}/Pods/Target Support Files/Pods-DatingApp/Pods-DatingApp-frameworks.sh\"\n";
			showEnvVarsInLog = 0;
		};
		DFFADF8AA1CEEC2BC68C9E92 /* [CP] Copy Pods Resources */ = {
			isa = PBXShellScriptBuildPhase;
			buildActionMask = 2147483647;
			files = (
			);
			inputPaths = (
			);
			name = "[CP] Copy Pods Resources";
			outputPaths = (
			);
			runOnlyForDeploymentPostprocessing = 0;
			shellPath = /bin/sh;
			shellScript = "\"${SRCROOT}/Pods/Target Support Files/Pods-DatingApp/Pods-DatingApp-resources.sh\"\n";
			showEnvVarsInLog = 0;
		};
/* End PBXShellScriptBuildPhase section */

/* Begin PBXSourcesBuildPhase section */
		525ECFF320736CB0007E60B1 /* Sources */ = {
			isa = PBXSourcesBuildPhase;
			buildActionMask = 2147483647;
			files = (
				529E780A20760EDD00B0FD5C /* ChatLogController.swift in Sources */,
				5232EDA020AAB72D009C414A /* MainViewController.swift in Sources */,
				52419BC420746CA300E4DB8C /* NewMessageController.swift in Sources */,
				52419BC92074783D00E4DB8C /* LoginController+handlers.swift in Sources */,
				525ECFFD20736CB0007E60B1 /* MessageController.swift in Sources */,
				525ED00D20736DAC007E60B1 /* LoginController.swift in Sources */,
				529E780C2076127400B0FD5C /* MyUIView.swift in Sources */,
				52419BC620746DED00E4DB8C /* User.swift in Sources */,
				5246AC0320AEBB76008745D8 /* PictureCell.swift in Sources */,
				529E780E2076217600B0FD5C /* Message.swift in Sources */,
				525ECFFB20736CB0007E60B1 /* AppDelegate.swift in Sources */,
				528F405120786DEE007E4942 /* ChatMessageCell.swift in Sources */,
				529E78112076288200B0FD5C /* UserCell.swift in Sources */,
				527B04FA20AC177600922063 /* MapStudyViewController.swift in Sources */,
				52419BCC2074858100E4DB8C /* Extensions.swift in Sources */,
				523EDE4720AAD8B2009A95CD /* MapViewController.swift in Sources */,
			);
			runOnlyForDeploymentPostprocessing = 0;
		};
/* End PBXSourcesBuildPhase section */

/* Begin PBXVariantGroup section */
		525ECFFE20736CB0007E60B1 /* Main.storyboard */ = {
			isa = PBXVariantGroup;
			children = (
				525ECFFF20736CB0007E60B1 /* Base */,
			);
			name = Main.storyboard;
			sourceTree = "<group>";
		};
		525ED00320736CB0007E60B1 /* LaunchScreen.storyboard */ = {
			isa = PBXVariantGroup;
			children = (
				525ED00420736CB0007E60B1 /* Base */,
			);
			name = LaunchScreen.storyboard;
			sourceTree = "<group>";
		};
/* End PBXVariantGroup section */

/* Begin XCBuildConfiguration section */
		525ED00720736CB0007E60B1 /* Debug */ = {
			isa = XCBuildConfiguration;
			buildSettings = {
				ALWAYS_SEARCH_USER_PATHS = NO;
				CLANG_ANALYZER_NONNULL = YES;
				CLANG_ANALYZER_NUMBER_OBJECT_CONVERSION = YES_AGGRESSIVE;
				CLANG_CXX_LANGUAGE_STANDARD = "gnu++14";
				CLANG_CXX_LIBRARY = "libc++";
				CLANG_ENABLE_MODULES = YES;
				CLANG_ENABLE_OBJC_ARC = YES;
				CLANG_WARN_BLOCK_CAPTURE_AUTORELEASING = YES;
				CLANG_WARN_BOOL_CONVERSION = YES;
				CLANG_WARN_COMMA = YES;
				CLANG_WARN_CONSTANT_CONVERSION = YES;
				CLANG_WARN_DIRECT_OBJC_ISA_USAGE = YES_ERROR;
				CLANG_WARN_DOCUMENTATION_COMMENTS = YES;
				CLANG_WARN_EMPTY_BODY = YES;
				CLANG_WARN_ENUM_CONVERSION = YES;
				CLANG_WARN_INFINITE_RECURSION = YES;
				CLANG_WARN_INT_CONVERSION = YES;
				CLANG_WARN_NON_LITERAL_NULL_CONVERSION = YES;
				CLANG_WARN_OBJC_LITERAL_CONVERSION = YES;
				CLANG_WARN_OBJC_ROOT_CLASS = YES_ERROR;
				CLANG_WARN_RANGE_LOOP_ANALYSIS = YES;
				CLANG_WARN_STRICT_PROTOTYPES = YES;
				CLANG_WARN_SUSPICIOUS_MOVE = YES;
				CLANG_WARN_UNGUARDED_AVAILABILITY = YES_AGGRESSIVE;
				CLANG_WARN_UNREACHABLE_CODE = YES;
				CLANG_WARN__DUPLICATE_METHOD_MATCH = YES;
				CODE_SIGN_IDENTITY = "iPhone Developer";
				COPY_PHASE_STRIP = NO;
				DEBUG_INFORMATION_FORMAT = dwarf;
				ENABLE_STRICT_OBJC_MSGSEND = YES;
				ENABLE_TESTABILITY = YES;
				GCC_C_LANGUAGE_STANDARD = gnu11;
				GCC_DYNAMIC_NO_PIC = NO;
				GCC_NO_COMMON_BLOCKS = YES;
				GCC_OPTIMIZATION_LEVEL = 0;
				GCC_PREPROCESSOR_DEFINITIONS = (
					"DEBUG=1",
					"$(inherited)",
				);
				GCC_WARN_64_TO_32_BIT_CONVERSION = YES;
				GCC_WARN_ABOUT_RETURN_TYPE = YES_ERROR;
				GCC_WARN_UNDECLARED_SELECTOR = YES;
				GCC_WARN_UNINITIALIZED_AUTOS = YES_AGGRESSIVE;
				GCC_WARN_UNUSED_FUNCTION = YES;
				GCC_WARN_UNUSED_VARIABLE = YES;
				IPHONEOS_DEPLOYMENT_TARGET = 11.2;
				MTL_ENABLE_DEBUG_INFO = YES;
				ONLY_ACTIVE_ARCH = YES;
				SDKROOT = iphoneos;
				SWIFT_ACTIVE_COMPILATION_CONDITIONS = DEBUG;
				SWIFT_OPTIMIZATION_LEVEL = "-Onone";
			};
			name = Debug;
		};
		525ED00820736CB0007E60B1 /* Release */ = {
			isa = XCBuildConfiguration;
			buildSettings = {
				ALWAYS_SEARCH_USER_PATHS = NO;
				CLANG_ANALYZER_NONNULL = YES;
				CLANG_ANALYZER_NUMBER_OBJECT_CONVERSION = YES_AGGRESSIVE;
				CLANG_CXX_LANGUAGE_STANDARD = "gnu++14";
				CLANG_CXX_LIBRARY = "libc++";
				CLANG_ENABLE_MODULES = YES;
				CLANG_ENABLE_OBJC_ARC = YES;
				CLANG_WARN_BLOCK_CAPTURE_AUTORELEASING = YES;
				CLANG_WARN_BOOL_CONVERSION = YES;
				CLANG_WARN_COMMA = YES;
				CLANG_WARN_CONSTANT_CONVERSION = YES;
				CLANG_WARN_DIRECT_OBJC_ISA_USAGE = YES_ERROR;
				CLANG_WARN_DOCUMENTATION_COMMENTS = YES;
				CLANG_WARN_EMPTY_BODY = YES;
				CLANG_WARN_ENUM_CONVERSION = YES;
				CLANG_WARN_INFINITE_RECURSION = YES;
				CLANG_WARN_INT_CONVERSION = YES;
				CLANG_WARN_NON_LITERAL_NULL_CONVERSION = YES;
				CLANG_WARN_OBJC_LITERAL_CONVERSION = YES;
				CLANG_WARN_OBJC_ROOT_CLASS = YES_ERROR;
				CLANG_WARN_RANGE_LOOP_ANALYSIS = YES;
				CLANG_WARN_STRICT_PROTOTYPES = YES;
				CLANG_WARN_SUSPICIOUS_MOVE = YES;
				CLANG_WARN_UNGUARDED_AVAILABILITY = YES_AGGRESSIVE;
				CLANG_WARN_UNREACHABLE_CODE = YES;
				CLANG_WARN__DUPLICATE_METHOD_MATCH = YES;
				CODE_SIGN_IDENTITY = "iPhone Developer";
				COPY_PHASE_STRIP = NO;
				DEBUG_INFORMATION_FORMAT = "dwarf-with-dsym";
				ENABLE_NS_ASSERTIONS = NO;
				ENABLE_STRICT_OBJC_MSGSEND = YES;
				GCC_C_LANGUAGE_STANDARD = gnu11;
				GCC_NO_COMMON_BLOCKS = YES;
				GCC_WARN_64_TO_32_BIT_CONVERSION = YES;
				GCC_WARN_ABOUT_RETURN_TYPE = YES_ERROR;
				GCC_WARN_UNDECLARED_SELECTOR = YES;
				GCC_WARN_UNINITIALIZED_AUTOS = YES_AGGRESSIVE;
				GCC_WARN_UNUSED_FUNCTION = YES;
				GCC_WARN_UNUSED_VARIABLE = YES;
				IPHONEOS_DEPLOYMENT_TARGET = 11.2;
				MTL_ENABLE_DEBUG_INFO = NO;
				SDKROOT = iphoneos;
				SWIFT_OPTIMIZATION_LEVEL = "-Owholemodule";
				VALIDATE_PRODUCT = YES;
			};
			name = Release;
		};
		525ED00A20736CB0007E60B1 /* Debug */ = {
			isa = XCBuildConfiguration;
			baseConfigurationReference = E12789A0F6235756676021CA /* Pods-DatingApp.debug.xcconfig */;
			buildSettings = {
				ASSETCATALOG_COMPILER_APPICON_NAME = AppIcon;
				CODE_SIGN_STYLE = Automatic;
				DEVELOPMENT_TEAM = 3HFR2QP3B2;
				INFOPLIST_FILE = DatingApp/Info.plist;
				LD_RUNPATH_SEARCH_PATHS = "$(inherited) @executable_path/Frameworks";
				PRODUCT_BUNDLE_IDENTIFIER = com.happy.DatingApp;
				PRODUCT_NAME = "$(TARGET_NAME)";
				SWIFT_VERSION = 4.0;
				TARGETED_DEVICE_FAMILY = "1,2";
			};
			name = Debug;
		};
		525ED00B20736CB0007E60B1 /* Release */ = {
			isa = XCBuildConfiguration;
			baseConfigurationReference = 042EC86AB23CFCE69BA5F8E5 /* Pods-DatingApp.release.xcconfig */;
			buildSettings = {
				ASSETCATALOG_COMPILER_APPICON_NAME = AppIcon;
				CODE_SIGN_STYLE = Automatic;
				DEVELOPMENT_TEAM = 3HFR2QP3B2;
				INFOPLIST_FILE = DatingApp/Info.plist;
				LD_RUNPATH_SEARCH_PATHS = "$(inherited) @executable_path/Frameworks";
				PRODUCT_BUNDLE_IDENTIFIER = com.happy.DatingApp;
				PRODUCT_NAME = "$(TARGET_NAME)";
				SWIFT_VERSION = 4.0;
				TARGETED_DEVICE_FAMILY = "1,2";
			};
			name = Release;
		};
/* End XCBuildConfiguration section */

/* Begin XCConfigurationList section */
		525ECFF220736CB0007E60B1 /* Build configuration list for PBXProject "DatingApp" */ = {
			isa = XCConfigurationList;
			buildConfigurations = (
				525ED00720736CB0007E60B1 /* Debug */,
				525ED00820736CB0007E60B1 /* Release */,
			);
			defaultConfigurationIsVisible = 0;
			defaultConfigurationName = Release;
		};
		525ED00920736CB0007E60B1 /* Build configuration list for PBXNativeTarget "DatingApp" */ = {
			isa = XCConfigurationList;
			buildConfigurations = (
				525ED00A20736CB0007E60B1 /* Debug */,
				525ED00B20736CB0007E60B1 /* Release */,
			);
			defaultConfigurationIsVisible = 0;
			defaultConfigurationName = Release;
		};
/* End XCConfigurationList section */
	};
	rootObject = 525ECFEF20736CB0007E60B1 /* Project object */;
}
